
Microsoft Visual Studio Solution File, Format Version 12.00
Project("{FAE04EC0-301F-11D3-BF4B-00C04F79EFBC}") = "Domain.Model", "Domain.Model\Domain.Model.csproj", "{76ABAB1B-BF75-412F-A225-BF2DA3594054}"
EndProject
Project("{2150E333-8FDC-42A3-9474-1A3956D46DE8}") = "Domain Layer", "Domain Layer", "{A2B33BCF-15AB-4201-9FFE-E03B4B6B819E}"
EndProject
Project("{FAE04EC0-301F-11D3-BF4B-00C04F79EFBC}") = "Domain.Services", "Domain.Services\Domain.Services.csproj", "{44CE2BD3-4ED5-4478-81DF-CC36F5DEEAD1}"
EndProject
Project("{2150E333-8FDC-42A3-9474-1A3956D46DE8}") = "Infrastructure Layer", "Infrastructure Layer", "{6EB3EA7F-872C-4490-986A-6231D89AF937}"
EndProject
Project("{2150E333-8FDC-42A3-9474-1A3956D46DE8}") = "Site", "Site", "{EE469548-A475-4CFB-B6BB-69EF442FE862}"
EndProject
Project("{FAE04EC0-301F-11D3-BF4B-00C04F79EFBC}") = "Application", "Application\Application.csproj", "{6B74D493-A3CD-483D-96A0-4AF43D0FE7E4}"
EndProject
Project("{FAE04EC0-301F-11D3-BF4B-00C04F79EFBC}") = "Persistence", "Persistence\Persistence.csproj", "{0A7D5EA9-E44D-4795-B9E2-4E2CF7607CED}"
EndProject
Project("{FAE04EC0-301F-11D3-BF4B-00C04F79EFBC}") = "Server", "Server\Server.csproj", "{22594984-71A3-4EA6-A390-86D3820C92D2}"
EndProject
Global
	GlobalSection(SolutionConfigurationPlatforms) = preSolution
		Debug|Any CPU = Debug|Any CPU
		Release|Any CPU = Release|Any CPU
	EndGlobalSection
	GlobalSection(ProjectConfigurationPlatforms) = postSolution
		{76ABAB1B-BF75-412F-A225-BF2DA3594054}.Debug|Any CPU.ActiveCfg = Debug|Any CPU
		{76ABAB1B-BF75-412F-A225-BF2DA3594054}.Debug|Any CPU.Build.0 = Debug|Any CPU
		{76ABAB1B-BF75-412F-A225-BF2DA3594054}.Release|Any CPU.ActiveCfg = Release|Any CPU
		{76ABAB1B-BF75-412F-A225-BF2DA3594054}.Release|Any CPU.Build.0 = Release|Any CPU
		{44CE2BD3-4ED5-4478-81DF-CC36F5DEEAD1}.Debug|Any CPU.ActiveCfg = Debug|Any CPU
		{44CE2BD3-4ED5-4478-81DF-CC36F5DEEAD1}.Debug|Any CPU.Build.0 = Debug|Any CPU
		{44CE2BD3-4ED5-4478-81DF-CC36F5DEEAD1}.Release|Any CPU.ActiveCfg = Release|Any CPU
		{44CE2BD3-4ED5-4478-81DF-CC36F5DEEAD1}.Release|Any CPU.Build.0 = Release|Any CPU
		{6B74D493-A3CD-483D-96A0-4AF43D0FE7E4}.Debug|Any CPU.ActiveCfg = Debug|Any CPU
		{6B74D493-A3CD-483D-96A0-4AF43D0FE7E4}.Debug|Any CPU.Build.0 = Debug|Any CPU
		{6B74D493-A3CD-483D-96A0-4AF43D0FE7E4}.Release|Any CPU.ActiveCfg = Release|Any CPU
		{6B74D493-A3CD-483D-96A0-4AF43D0FE7E4}.Release|Any CPU.Build.0 = Release|Any CPU
		{0A7D5EA9-E44D-4795-B9E2-4E2CF7607CED}.Debug|Any CPU.ActiveCfg = Debug|Any CPU
		{0A7D5EA9-E44D-4795-B9E2-4E2CF7607CED}.Debug|Any CPU.Build.0 = Debug|Any CPU
		{0A7D5EA9-E44D-4795-B9E2-4E2CF7607CED}.Release|Any CPU.ActiveCfg = Release|Any CPU
		{0A7D5EA9-E44D-4795-B9E2-4E2CF7607CED}.Release|Any CPU.Build.0 = Release|Any CPU
		{22594984-71A3-4EA6-A390-86D3820C92D2}.Debug|Any CPU.ActiveCfg = Debug|Any CPU
		{22594984-71A3-4EA6-A390-86D3820C92D2}.Debug|Any CPU.Build.0 = Debug|Any CPU
		{22594984-71A3-4EA6-A390-86D3820C92D2}.Release|Any CPU.ActiveCfg = Release|Any CPU
		{22594984-71A3-4EA6-A390-86D3820C92D2}.Release|Any CPU.Build.0 = Release|Any CPU
	EndGlobalSection
	GlobalSection(NestedProjects) = preSolution
		{76ABAB1B-BF75-412F-A225-BF2DA3594054} = {A2B33BCF-15AB-4201-9FFE-E03B4B6B819E}
		{44CE2BD3-4ED5-4478-81DF-CC36F5DEEAD1} = {A2B33BCF-15AB-4201-9FFE-E03B4B6B819E}
		{6B74D493-A3CD-483D-96A0-4AF43D0FE7E4} = {EE469548-A475-4CFB-B6BB-69EF442FE862}
		{0A7D5EA9-E44D-4795-B9E2-4E2CF7607CED} = {6EB3EA7F-872C-4490-986A-6231D89AF937}
		{22594984-71A3-4EA6-A390-86D3820C92D2} = {EE469548-A475-4CFB-B6BB-69EF442FE862}
	EndGlobalSection
EndGlobal
